
Microsoft Visual Studio Solution File, Format Version 12.00
# Visual Studio Version 17
VisualStudioVersion = 17.8.34511.84
MinimumVisualStudioVersion = 10.0.40219.1
Project("{FAE04EC0-301F-11D3-BF4B-00C04F79EFBC}") = "ATV7_CJ3021963", "ATV7_CJ3021963\ATV7_CJ3021963.csproj", "{F66870B4-787E-48D3-A788-D90E77A39D29}"
EndProject
Global
	GlobalSection(SolutionConfigurationPlatforms) = preSolution
		Debug|Any CPU = Debug|Any CPU
		Release|Any CPU = Release|Any CPU
	EndGlobalSection
	GlobalSection(ProjectConfigurationPlatforms) = postSolution
		{F66870B4-787E-48D3-A788-D90E77A39D29}.Debug|Any CPU.ActiveCfg = Debug|Any CPU
		{F66870B4-787E-48D3-A788-D90E77A39D29}.Debug|Any CPU.Build.0 = Debug|Any CPU
		{F66870B4-787E-48D3-A788-D90E77A39D29}.Release|Any CPU.ActiveCfg = Release|Any CPU
		{F66870B4-787E-48D3-A788-D90E77A39D29}.Release|Any CPU.Build.0 = Release|Any CPU
	EndGlobalSection
	GlobalSection(SolutionProperties) = preSolution
		HideSolutionNode = FALSE
	EndGlobalSection
	GlobalSection(ExtensibilityGlobals) = postSolution
		SolutionGuid = {FBE9621E-DE69-416E-A6CA-673C8C68FCE2}
	EndGlobalSection
EndGlobal
